
Microsoft Visual Studio Solution File, Format Version 12.00
# Visual Studio 15
VisualStudioVersion = 15.0.28010.2050
MinimumVisualStudioVersion = 10.0.40219.1
Project("{8BC9CEB8-8B4A-11D0-8D11-00A0C91BC942}") = "Binarny", "Binarny\Binarny.vcxproj", "{36F3BD2D-E9C1-41B1-8B56-D2A6E4A99D4E}"
EndProject
Global
	GlobalSection(SolutionConfigurationPlatforms) = preSolution
		Debug|x64 = Debug|x64
		Debug|x86 = Debug|x86
		Release|x64 = Release|x64
		Release|x86 = Release|x86
	EndGlobalSection
	GlobalSection(ProjectConfigurationPlatforms) = postSolution
		{36F3BD2D-E9C1-41B1-8B56-D2A6E4A99D4E}.Debug|x64.ActiveCfg = Debug|x64
		{36F3BD2D-E9C1-41B1-8B56-D2A6E4A99D4E}.Debug|x64.Build.0 = Debug|x64
		{36F3BD2D-E9C1-41B1-8B56-D2A6E4A99D4E}.Debug|x86.ActiveCfg = Debug|Win32
		{36F3BD2D-E9C1-41B1-8B56-D2A6E4A99D4E}.Debug|x86.Build.0 = Debug|Win32
		{36F3BD2D-E9C1-41B1-8B56-D2A6E4A99D4E}.Release|x64.ActiveCfg = Release|x64
		{36F3BD2D-E9C1-41B1-8B56-D2A6E4A99D4E}.Release|x64.Build.0 = Release|x64
		{36F3BD2D-E9C1-41B1-8B56-D2A6E4A99D4E}.Release|x86.ActiveCfg = Release|Win32
		{36F3BD2D-E9C1-41B1-8B56-D2A6E4A99D4E}.Release|x86.Build.0 = Release|Win32
	EndGlobalSection
	GlobalSection(SolutionProperties) = preSolution
		HideSolutionNode = FALSE
	EndGlobalSection
	GlobalSection(ExtensibilityGlobals) = postSolution
		SolutionGuid = {2E8B0320-66BF-4A73-BF04-C7FFD79C3D8A}
	EndGlobalSection
EndGlobal
